
Microsoft Visual Studio Solution File, Format Version 12.00
# Visual Studio Version 16
VisualStudioVersion = 16.0.31424.327
MinimumVisualStudioVersion = 10.0.40219.1
Project("{FAE04EC0-301F-11D3-BF4B-00C04F79EFBC}") = "WebApplication1", "WebApplication1\WebApplication1.csproj", "{2DD1092B-DB00-4BE4-8AF1-2EEBBC5C3203}"
EndProject
Project("{FAE04EC0-301F-11D3-BF4B-00C04F79EFBC}") = "Customers.Data", "Customers.Data\Customers.Data.csproj", "{B977BEB0-B603-4B5E-8F6D-28BA90FFF006}"
EndProject
Global
	GlobalSection(SolutionConfigurationPlatforms) = preSolution
		Debug|Any CPU = Debug|Any CPU
		Release|Any CPU = Release|Any CPU
	EndGlobalSection
	GlobalSection(ProjectConfigurationPlatforms) = postSolution
		{2DD1092B-DB00-4BE4-8AF1-2EEBBC5C3203}.Debug|Any CPU.ActiveCfg = Debug|Any CPU
		{2DD1092B-DB00-4BE4-8AF1-2EEBBC5C3203}.Debug|Any CPU.Build.0 = Debug|Any CPU
		{2DD1092B-DB00-4BE4-8AF1-2EEBBC5C3203}.Release|Any CPU.ActiveCfg = Release|Any CPU
		{2DD1092B-DB00-4BE4-8AF1-2EEBBC5C3203}.Release|Any CPU.Build.0 = Release|Any CPU
		{B977BEB0-B603-4B5E-8F6D-28BA90FFF006}.Debug|Any CPU.ActiveCfg = Debug|Any CPU
		{B977BEB0-B603-4B5E-8F6D-28BA90FFF006}.Debug|Any CPU.Build.0 = Debug|Any CPU
		{B977BEB0-B603-4B5E-8F6D-28BA90FFF006}.Release|Any CPU.ActiveCfg = Release|Any CPU
		{B977BEB0-B603-4B5E-8F6D-28BA90FFF006}.Release|Any CPU.Build.0 = Release|Any CPU
	EndGlobalSection
	GlobalSection(SolutionProperties) = preSolution
		HideSolutionNode = FALSE
	EndGlobalSection
	GlobalSection(ExtensibilityGlobals) = postSolution
		SolutionGuid = {5C1BE472-EA8F-4D3D-BBD0-2CD1B1ACCCC2}
	EndGlobalSection
EndGlobal
